
Microsoft Visual Studio Solution File, Format Version 12.00
# Visual Studio Version 16
VisualStudioVersion = 16.0.31424.327
MinimumVisualStudioVersion = 10.0.40219.1
Project("{FAE04EC0-301F-11D3-BF4B-00C04F79EFBC}") = "Anagram", "Anagram.csproj", "{8457134B-02C5-45BB-B58A-9FE08433433B}"
EndProject
Global
	GlobalSection(SolutionConfigurationPlatforms) = preSolution
		Debug|Any CPU = Debug|Any CPU
		Release|Any CPU = Release|Any CPU
	EndGlobalSection
	GlobalSection(ProjectConfigurationPlatforms) = postSolution
		{8457134B-02C5-45BB-B58A-9FE08433433B}.Debug|Any CPU.ActiveCfg = Debug|Any CPU
		{8457134B-02C5-45BB-B58A-9FE08433433B}.Debug|Any CPU.Build.0 = Debug|Any CPU
		{8457134B-02C5-45BB-B58A-9FE08433433B}.Release|Any CPU.ActiveCfg = Release|Any CPU
		{8457134B-02C5-45BB-B58A-9FE08433433B}.Release|Any CPU.Build.0 = Release|Any CPU
	EndGlobalSection
	GlobalSection(SolutionProperties) = preSolution
		HideSolutionNode = FALSE
	EndGlobalSection
	GlobalSection(ExtensibilityGlobals) = postSolution
		SolutionGuid = {1C12E09E-E1FA-4910-9641-B9CF737C3BFE}
	EndGlobalSection
EndGlobal
